Microsoft Visual Studio Solution File, Format Version 12.00
# Visual Studio Version 17
VisualStudioVersion = 17.8.0.0
MinimumVisualStudioVersion = 17.8.0.0
Project("{9A19103F-16F7-4668-BE54-9A1E7A4F7556}") = "aspire-cache-sample.AppHost", "aspire-cache-sample.AppHost\aspire-cache-sample.AppHost.csproj", "{61D17361-8735-4D9C-9655-B8EB6D03F194}"
EndProject
Project("{9A19103F-16F7-4668-BE54-9A1E7A4F7556}") = "aspire-cache-sample.ServiceDefaults", "aspire-cache-sample.ServiceDefaults\aspire-cache-sample.ServiceDefaults.csproj", "{375067C0-4F6E-4274-9A98-B9EF8C27FCC9}"
EndProject
Project("{9A19103F-16F7-4668-BE54-9A1E7A4F7556}") = "aspire-cache-sample.ApiService", "aspire-cache-sample.ApiService\aspire-cache-sample.ApiService.csproj", "{3AF2317E-DE66-4335-85EF-652F3D1FD81C}"
EndProject
Project("{9A19103F-16F7-4668-BE54-9A1E7A4F7556}") = "aspire-cache-sample.Web", "aspire-cache-sample.Web\aspire-cache-sample.Web.csproj", "{09BB04A4-9AFD-496E-B73C-1D83C901B9D8}"
EndProject
Global
	GlobalSection(SolutionConfigurationPlatforms) = preSolution
		Debug|Any CPU = Debug|Any CPU
		Release|Any CPU = Release|Any CPU
	EndGlobalSection
	GlobalSection(ProjectConfigurationPlatforms) = postSolution
		{61D17361-8735-4D9C-9655-B8EB6D03F194}.Debug|Any CPU.ActiveCfg = Debug|Any CPU
		{61D17361-8735-4D9C-9655-B8EB6D03F194}.Debug|Any CPU.Build.0 = Debug|Any CPU
		{61D17361-8735-4D9C-9655-B8EB6D03F194}.Release|Any CPU.ActiveCfg = Release|Any CPU
		{61D17361-8735-4D9C-9655-B8EB6D03F194}.Release|Any CPU.Build.0 = Release|Any CPU
		{375067C0-4F6E-4274-9A98-B9EF8C27FCC9}.Debug|Any CPU.ActiveCfg = Debug|Any CPU
		{375067C0-4F6E-4274-9A98-B9EF8C27FCC9}.Debug|Any CPU.Build.0 = Debug|Any CPU
		{375067C0-4F6E-4274-9A98-B9EF8C27FCC9}.Release|Any CPU.ActiveCfg = Release|Any CPU
		{375067C0-4F6E-4274-9A98-B9EF8C27FCC9}.Release|Any CPU.Build.0 = Release|Any CPU
		{3AF2317E-DE66-4335-85EF-652F3D1FD81C}.Debug|Any CPU.ActiveCfg = Debug|Any CPU
		{3AF2317E-DE66-4335-85EF-652F3D1FD81C}.Debug|Any CPU.Build.0 = Debug|Any CPU
		{3AF2317E-DE66-4335-85EF-652F3D1FD81C}.Release|Any CPU.ActiveCfg = Release|Any CPU
		{3AF2317E-DE66-4335-85EF-652F3D1FD81C}.Release|Any CPU.Build.0 = Release|Any CPU
		{09BB04A4-9AFD-496E-B73C-1D83C901B9D8}.Debug|Any CPU.ActiveCfg = Debug|Any CPU
		{09BB04A4-9AFD-496E-B73C-1D83C901B9D8}.Debug|Any CPU.Build.0 = Debug|Any CPU
		{09BB04A4-9AFD-496E-B73C-1D83C901B9D8}.Release|Any CPU.ActiveCfg = Release|Any CPU
		{09BB04A4-9AFD-496E-B73C-1D83C901B9D8}.Release|Any CPU.Build.0 = Release|Any CPU
	EndGlobalSection
	GlobalSection(SolutionProperties) = preSolution
		HideSolutionNode = FALSE
	EndGlobalSection
	GlobalSection(ExtensibilityGlobals) = postSolution
		SolutionGuid = {AD22094B-EE53-4717-9E97-8E7F1BAFFA5C}
	EndGlobalSection
EndGlobal